
Microsoft Visual Studio Solution File, Format Version 12.00
# Visual Studio 15
VisualStudioVersion = 15.0.28010.2041
MinimumVisualStudioVersion = 10.0.40219.1
Project("{FAE04EC0-301F-11D3-BF4B-00C04F79EFBC}") = "NastiAplicacion", "NastiAplicacion\NastiAplicacion.csproj", "{60BDD70C-A29C-449B-AE57-BEB0CCB435C6}"
EndProject
Project("{FAE04EC0-301F-11D3-BF4B-00C04F79EFBC}") = "RecursosNasti", "RecursosNasti\RecursosNasti.csproj", "{F6ED32CD-9352-4D59-AB4C-908C50416F06}"
EndProject
Project("{FAE04EC0-301F-11D3-BF4B-00C04F79EFBC}") = "DatosNasti", "DatosNasti\DatosNasti.csproj", "{25BFA070-69A6-4914-BE06-107C693A350C}"
EndProject
Global
	GlobalSection(SolutionConfigurationPlatforms) = preSolution
		Debug|Any CPU = Debug|Any CPU
		Release|Any CPU = Release|Any CPU
	EndGlobalSection
	GlobalSection(ProjectConfigurationPlatforms) = postSolution
		{60BDD70C-A29C-449B-AE57-BEB0CCB435C6}.Debug|Any CPU.ActiveCfg = Debug|Any CPU
		{60BDD70C-A29C-449B-AE57-BEB0CCB435C6}.Debug|Any CPU.Build.0 = Debug|Any CPU
		{60BDD70C-A29C-449B-AE57-BEB0CCB435C6}.Release|Any CPU.ActiveCfg = Release|Any CPU
		{60BDD70C-A29C-449B-AE57-BEB0CCB435C6}.Release|Any CPU.Build.0 = Release|Any CPU
		{F6ED32CD-9352-4D59-AB4C-908C50416F06}.Debug|Any CPU.ActiveCfg = Debug|Any CPU
		{F6ED32CD-9352-4D59-AB4C-908C50416F06}.Debug|Any CPU.Build.0 = Debug|Any CPU
		{F6ED32CD-9352-4D59-AB4C-908C50416F06}.Release|Any CPU.ActiveCfg = Release|Any CPU
		{F6ED32CD-9352-4D59-AB4C-908C50416F06}.Release|Any CPU.Build.0 = Release|Any CPU
		{25BFA070-69A6-4914-BE06-107C693A350C}.Debug|Any CPU.ActiveCfg = Debug|Any CPU
		{25BFA070-69A6-4914-BE06-107C693A350C}.Debug|Any CPU.Build.0 = Debug|Any CPU
		{25BFA070-69A6-4914-BE06-107C693A350C}.Release|Any CPU.ActiveCfg = Release|Any CPU
		{25BFA070-69A6-4914-BE06-107C693A350C}.Release|Any CPU.Build.0 = Release|Any CPU
	EndGlobalSection
	GlobalSection(SolutionProperties) = preSolution
		HideSolutionNode = FALSE
	EndGlobalSection
	GlobalSection(ExtensibilityGlobals) = postSolution
		SolutionGuid = {82D18AEC-EE54-4833-89F6-3326F9D1A90E}
	EndGlobalSection
EndGlobal
