
Microsoft Visual Studio Solution File, Format Version 12.00
# Visual Studio Version 16
VisualStudioVersion = 16.0.29709.97
MinimumVisualStudioVersion = 10.0.40219.1
Project("{FAE04EC0-301F-11D3-BF4B-00C04F79EFBC}") = "NastiAplicacion", "NastiAplicacion\NastiAplicacion.csproj", "{60BDD70C-A29C-449B-AE57-BEB0CCB435C6}"
EndProject
Project("{FAE04EC0-301F-11D3-BF4B-00C04F79EFBC}") = "RecursosNasti", "RecursosNasti\RecursosNasti.csproj", "{F6ED32CD-9352-4D59-AB4C-908C50416F06}"
EndProject
Project("{FAE04EC0-301F-11D3-BF4B-00C04F79EFBC}") = "FirmaXadesNet", "..\FirmaElectronica\FirmaXadesNet\FirmaXadesNet.csproj", "{84B87815-DD45-4C60-B343-C11D45847BDF}"
EndProject
Project("{FAE04EC0-301F-11D3-BF4B-00C04F79EFBC}") = "Microsoft.Xades", "..\FirmaElectronica\Library\Microsoft.Xades.csproj", "{EE1DC57A-344A-4B0A-82CE-5FD328C14894}"
EndProject
Project("{FAE04EC0-301F-11D3-BF4B-00C04F79EFBC}") = "Pruebas", "Pruebas\Pruebas.csproj", "{E821A61A-D6E2-47DE-B3AD-95A94E33443D}"
EndProject
Project("{FAE04EC0-301F-11D3-BF4B-00C04F79EFBC}") = "Nasti.Datos", "Nasti.Datos\Nasti.Datos.csproj", "{366B3F3C-3AD3-4698-A2CD-6B0B4298174F}"
EndProject
Global
	GlobalSection(SolutionConfigurationPlatforms) = preSolution
		Debug|Any CPU = Debug|Any CPU
		Debug|ARM = Debug|ARM
		Debug|iPhone = Debug|iPhone
		Debug|iPhoneSimulator = Debug|iPhoneSimulator
		Debug|x64 = Debug|x64
		Debug|x86 = Debug|x86
		Release|Any CPU = Release|Any CPU
		Release|ARM = Release|ARM
		Release|iPhone = Release|iPhone
		Release|iPhoneSimulator = Release|iPhoneSimulator
		Release|x64 = Release|x64
		Release|x86 = Release|x86
	EndGlobalSection
	GlobalSection(ProjectConfigurationPlatforms) = postSolution
		{60BDD70C-A29C-449B-AE57-BEB0CCB435C6}.Debug|Any CPU.ActiveCfg = Debug|Any CPU
		{60BDD70C-A29C-449B-AE57-BEB0CCB435C6}.Debug|Any CPU.Build.0 = Debug|Any CPU
		{60BDD70C-A29C-449B-AE57-BEB0CCB435C6}.Debug|ARM.ActiveCfg = Debug|Any CPU
		{60BDD70C-A29C-449B-AE57-BEB0CCB435C6}.Debug|ARM.Build.0 = Debug|Any CPU
		{60BDD70C-A29C-449B-AE57-BEB0CCB435C6}.Debug|iPhone.ActiveCfg = Debug|Any CPU
		{60BDD70C-A29C-449B-AE57-BEB0CCB435C6}.Debug|iPhone.Build.0 = Debug|Any CPU
		{60BDD70C-A29C-449B-AE57-BEB0CCB435C6}.Debug|iPhoneSimulator.ActiveCfg = Debug|Any CPU
		{60BDD70C-A29C-449B-AE57-BEB0CCB435C6}.Debug|iPhoneSimulator.Build.0 = Debug|Any CPU
		{60BDD70C-A29C-449B-AE57-BEB0CCB435C6}.Debug|x64.ActiveCfg = Debug|Any CPU
		{60BDD70C-A29C-449B-AE57-BEB0CCB435C6}.Debug|x64.Build.0 = Debug|Any CPU
		{60BDD70C-A29C-449B-AE57-BEB0CCB435C6}.Debug|x86.ActiveCfg = Debug|Any CPU
		{60BDD70C-A29C-449B-AE57-BEB0CCB435C6}.Debug|x86.Build.0 = Debug|Any CPU
		{60BDD70C-A29C-449B-AE57-BEB0CCB435C6}.Release|Any CPU.ActiveCfg = Release|Any CPU
		{60BDD70C-A29C-449B-AE57-BEB0CCB435C6}.Release|Any CPU.Build.0 = Release|Any CPU
		{60BDD70C-A29C-449B-AE57-BEB0CCB435C6}.Release|ARM.ActiveCfg = Release|Any CPU
		{60BDD70C-A29C-449B-AE57-BEB0CCB435C6}.Release|ARM.Build.0 = Release|Any CPU
		{60BDD70C-A29C-449B-AE57-BEB0CCB435C6}.Release|iPhone.ActiveCfg = Release|Any CPU
		{60BDD70C-A29C-449B-AE57-BEB0CCB435C6}.Release|iPhone.Build.0 = Release|Any CPU
		{60BDD70C-A29C-449B-AE57-BEB0CCB435C6}.Release|iPhoneSimulator.ActiveCfg = Release|Any CPU
		{60BDD70C-A29C-449B-AE57-BEB0CCB435C6}.Release|iPhoneSimulator.Build.0 = Release|Any CPU
		{60BDD70C-A29C-449B-AE57-BEB0CCB435C6}.Release|x64.ActiveCfg = Release|Any CPU
		{60BDD70C-A29C-449B-AE57-BEB0CCB435C6}.Release|x64.Build.0 = Release|Any CPU
		{60BDD70C-A29C-449B-AE57-BEB0CCB435C6}.Release|x86.ActiveCfg = Release|Any CPU
		{60BDD70C-A29C-449B-AE57-BEB0CCB435C6}.Release|x86.Build.0 = Release|Any CPU
		{F6ED32CD-9352-4D59-AB4C-908C50416F06}.Debug|Any CPU.ActiveCfg = Debug|Any CPU
		{F6ED32CD-9352-4D59-AB4C-908C50416F06}.Debug|Any CPU.Build.0 = Debug|Any CPU
		{F6ED32CD-9352-4D59-AB4C-908C50416F06}.Debug|ARM.ActiveCfg = Debug|Any CPU
		{F6ED32CD-9352-4D59-AB4C-908C50416F06}.Debug|ARM.Build.0 = Debug|Any CPU
		{F6ED32CD-9352-4D59-AB4C-908C50416F06}.Debug|iPhone.ActiveCfg = Debug|Any CPU
		{F6ED32CD-9352-4D59-AB4C-908C50416F06}.Debug|iPhone.Build.0 = Debug|Any CPU
		{F6ED32CD-9352-4D59-AB4C-908C50416F06}.Debug|iPhoneSimulator.ActiveCfg = Debug|Any CPU
		{F6ED32CD-9352-4D59-AB4C-908C50416F06}.Debug|iPhoneSimulator.Build.0 = Debug|Any CPU
		{F6ED32CD-9352-4D59-AB4C-908C50416F06}.Debug|x64.ActiveCfg = Debug|Any CPU
		{F6ED32CD-9352-4D59-AB4C-908C50416F06}.Debug|x64.Build.0 = Debug|Any CPU
		{F6ED32CD-9352-4D59-AB4C-908C50416F06}.Debug|x86.ActiveCfg = Debug|Any CPU
		{F6ED32CD-9352-4D59-AB4C-908C50416F06}.Debug|x86.Build.0 = Debug|Any CPU
		{F6ED32CD-9352-4D59-AB4C-908C50416F06}.Release|Any CPU.ActiveCfg = Release|Any CPU
		{F6ED32CD-9352-4D59-AB4C-908C50416F06}.Release|Any CPU.Build.0 = Release|Any CPU
		{F6ED32CD-9352-4D59-AB4C-908C50416F06}.Release|ARM.ActiveCfg = Release|Any CPU
		{F6ED32CD-9352-4D59-AB4C-908C50416F06}.Release|ARM.Build.0 = Release|Any CPU
		{F6ED32CD-9352-4D59-AB4C-908C50416F06}.Release|iPhone.ActiveCfg = Release|Any CPU
		{F6ED32CD-9352-4D59-AB4C-908C50416F06}.Release|iPhone.Build.0 = Release|Any CPU
		{F6ED32CD-9352-4D59-AB4C-908C50416F06}.Release|iPhoneSimulator.ActiveCfg = Release|Any CPU
		{F6ED32CD-9352-4D59-AB4C-908C50416F06}.Release|iPhoneSimulator.Build.0 = Release|Any CPU
		{F6ED32CD-9352-4D59-AB4C-908C50416F06}.Release|x64.ActiveCfg = Release|Any CPU
		{F6ED32CD-9352-4D59-AB4C-908C50416F06}.Release|x64.Build.0 = Release|Any CPU
		{F6ED32CD-9352-4D59-AB4C-908C50416F06}.Release|x86.ActiveCfg = Release|Any CPU
		{F6ED32CD-9352-4D59-AB4C-908C50416F06}.Release|x86.Build.0 = Release|Any CPU
		{84B87815-DD45-4C60-B343-C11D45847BDF}.Debug|Any CPU.ActiveCfg = Debug|Any CPU
		{84B87815-DD45-4C60-B343-C11D45847BDF}.Debug|Any CPU.Build.0 = Debug|Any CPU
		{84B87815-DD45-4C60-B343-C11D45847BDF}.Debug|ARM.ActiveCfg = Debug|Any CPU
		{84B87815-DD45-4C60-B343-C11D45847BDF}.Debug|ARM.Build.0 = Debug|Any CPU
		{84B87815-DD45-4C60-B343-C11D45847BDF}.Debug|iPhone.ActiveCfg = Debug|Any CPU
		{84B87815-DD45-4C60-B343-C11D45847BDF}.Debug|iPhone.Build.0 = Debug|Any CPU
		{84B87815-DD45-4C60-B343-C11D45847BDF}.Debug|iPhoneSimulator.ActiveCfg = Debug|Any CPU
		{84B87815-DD45-4C60-B343-C11D45847BDF}.Debug|iPhoneSimulator.Build.0 = Debug|Any CPU
		{84B87815-DD45-4C60-B343-C11D45847BDF}.Debug|x64.ActiveCfg = Debug|Any CPU
		{84B87815-DD45-4C60-B343-C11D45847BDF}.Debug|x64.Build.0 = Debug|Any CPU
		{84B87815-DD45-4C60-B343-C11D45847BDF}.Debug|x86.ActiveCfg = Debug|Any CPU
		{84B87815-DD45-4C60-B343-C11D45847BDF}.Debug|x86.Build.0 = Debug|Any CPU
		{84B87815-DD45-4C60-B343-C11D45847BDF}.Release|Any CPU.ActiveCfg = Release|Any CPU
		{84B87815-DD45-4C60-B343-C11D45847BDF}.Release|Any CPU.Build.0 = Release|Any CPU
		{84B87815-DD45-4C60-B343-C11D45847BDF}.Release|ARM.ActiveCfg = Release|Any CPU
		{84B87815-DD45-4C60-B343-C11D45847BDF}.Release|ARM.Build.0 = Release|Any CPU
		{84B87815-DD45-4C60-B343-C11D45847BDF}.Release|iPhone.ActiveCfg = Release|Any CPU
		{84B87815-DD45-4C60-B343-C11D45847BDF}.Release|iPhone.Build.0 = Release|Any CPU
		{84B87815-DD45-4C60-B343-C11D45847BDF}.Release|iPhoneSimulator.ActiveCfg = Release|Any CPU
		{84B87815-DD45-4C60-B343-C11D45847BDF}.Release|iPhoneSimulator.Build.0 = Release|Any CPU
		{84B87815-DD45-4C60-B343-C11D45847BDF}.Release|x64.ActiveCfg = Release|Any CPU
		{84B87815-DD45-4C60-B343-C11D45847BDF}.Release|x64.Build.0 = Release|Any CPU
		{84B87815-DD45-4C60-B343-C11D45847BDF}.Release|x86.ActiveCfg = Release|Any CPU
		{84B87815-DD45-4C60-B343-C11D45847BDF}.Release|x86.Build.0 = Release|Any CPU
		{EE1DC57A-344A-4B0A-82CE-5FD328C14894}.Debug|Any CPU.ActiveCfg = Debug|Any CPU
		{EE1DC57A-344A-4B0A-82CE-5FD328C14894}.Debug|Any CPU.Build.0 = Debug|Any CPU
		{EE1DC57A-344A-4B0A-82CE-5FD328C14894}.Debug|ARM.ActiveCfg = Debug|Any CPU
		{EE1DC57A-344A-4B0A-82CE-5FD328C14894}.Debug|ARM.Build.0 = Debug|Any CPU
		{EE1DC57A-344A-4B0A-82CE-5FD328C14894}.Debug|iPhone.ActiveCfg = Debug|Any CPU
		{EE1DC57A-344A-4B0A-82CE-5FD328C14894}.Debug|iPhone.Build.0 = Debug|Any CPU
		{EE1DC57A-344A-4B0A-82CE-5FD328C14894}.Debug|iPhoneSimulator.ActiveCfg = Debug|Any CPU
		{EE1DC57A-344A-4B0A-82CE-5FD328C14894}.Debug|iPhoneSimulator.Build.0 = Debug|Any CPU
		{EE1DC57A-344A-4B0A-82CE-5FD328C14894}.Debug|x64.ActiveCfg = Debug|Any CPU
		{EE1DC57A-344A-4B0A-82CE-5FD328C14894}.Debug|x64.Build.0 = Debug|Any CPU
		{EE1DC57A-344A-4B0A-82CE-5FD328C14894}.Debug|x86.ActiveCfg = Debug|Any CPU
		{EE1DC57A-344A-4B0A-82CE-5FD328C14894}.Debug|x86.Build.0 = Debug|Any CPU
		{EE1DC57A-344A-4B0A-82CE-5FD328C14894}.Release|Any CPU.ActiveCfg = Release|Any CPU
		{EE1DC57A-344A-4B0A-82CE-5FD328C14894}.Release|Any CPU.Build.0 = Release|Any CPU
		{EE1DC57A-344A-4B0A-82CE-5FD328C14894}.Release|ARM.ActiveCfg = Release|Any CPU
		{EE1DC57A-344A-4B0A-82CE-5FD328C14894}.Release|ARM.Build.0 = Release|Any CPU
		{EE1DC57A-344A-4B0A-82CE-5FD328C14894}.Release|iPhone.ActiveCfg = Release|Any CPU
		{EE1DC57A-344A-4B0A-82CE-5FD328C14894}.Release|iPhone.Build.0 = Release|Any CPU
		{EE1DC57A-344A-4B0A-82CE-5FD328C14894}.Release|iPhoneSimulator.ActiveCfg = Release|Any CPU
		{EE1DC57A-344A-4B0A-82CE-5FD328C14894}.Release|iPhoneSimulator.Build.0 = Release|Any CPU
		{EE1DC57A-344A-4B0A-82CE-5FD328C14894}.Release|x64.ActiveCfg = Release|Any CPU
		{EE1DC57A-344A-4B0A-82CE-5FD328C14894}.Release|x64.Build.0 = Release|Any CPU
		{EE1DC57A-344A-4B0A-82CE-5FD328C14894}.Release|x86.ActiveCfg = Release|Any CPU
		{EE1DC57A-344A-4B0A-82CE-5FD328C14894}.Release|x86.Build.0 = Release|Any CPU
		{E821A61A-D6E2-47DE-B3AD-95A94E33443D}.Debug|Any CPU.ActiveCfg = Debug|Any CPU
		{E821A61A-D6E2-47DE-B3AD-95A94E33443D}.Debug|Any CPU.Build.0 = Debug|Any CPU
		{E821A61A-D6E2-47DE-B3AD-95A94E33443D}.Debug|ARM.ActiveCfg = Debug|Any CPU
		{E821A61A-D6E2-47DE-B3AD-95A94E33443D}.Debug|ARM.Build.0 = Debug|Any CPU
		{E821A61A-D6E2-47DE-B3AD-95A94E33443D}.Debug|iPhone.ActiveCfg = Debug|Any CPU
		{E821A61A-D6E2-47DE-B3AD-95A94E33443D}.Debug|iPhone.Build.0 = Debug|Any CPU
		{E821A61A-D6E2-47DE-B3AD-95A94E33443D}.Debug|iPhoneSimulator.ActiveCfg = Debug|Any CPU
		{E821A61A-D6E2-47DE-B3AD-95A94E33443D}.Debug|iPhoneSimulator.Build.0 = Debug|Any CPU
		{E821A61A-D6E2-47DE-B3AD-95A94E33443D}.Debug|x64.ActiveCfg = Debug|Any CPU
		{E821A61A-D6E2-47DE-B3AD-95A94E33443D}.Debug|x64.Build.0 = Debug|Any CPU
		{E821A61A-D6E2-47DE-B3AD-95A94E33443D}.Debug|x86.ActiveCfg = Debug|Any CPU
		{E821A61A-D6E2-47DE-B3AD-95A94E33443D}.Debug|x86.Build.0 = Debug|Any CPU
		{E821A61A-D6E2-47DE-B3AD-95A94E33443D}.Release|Any CPU.ActiveCfg = Release|Any CPU
		{E821A61A-D6E2-47DE-B3AD-95A94E33443D}.Release|Any CPU.Build.0 = Release|Any CPU
		{E821A61A-D6E2-47DE-B3AD-95A94E33443D}.Release|ARM.ActiveCfg = Release|Any CPU
		{E821A61A-D6E2-47DE-B3AD-95A94E33443D}.Release|ARM.Build.0 = Release|Any CPU
		{E821A61A-D6E2-47DE-B3AD-95A94E33443D}.Release|iPhone.ActiveCfg = Release|Any CPU
		{E821A61A-D6E2-47DE-B3AD-95A94E33443D}.Release|iPhone.Build.0 = Release|Any CPU
		{E821A61A-D6E2-47DE-B3AD-95A94E33443D}.Release|iPhoneSimulator.ActiveCfg = Release|Any CPU
		{E821A61A-D6E2-47DE-B3AD-95A94E33443D}.Release|iPhoneSimulator.Build.0 = Release|Any CPU
		{E821A61A-D6E2-47DE-B3AD-95A94E33443D}.Release|x64.ActiveCfg = Release|Any CPU
		{E821A61A-D6E2-47DE-B3AD-95A94E33443D}.Release|x64.Build.0 = Release|Any CPU
		{E821A61A-D6E2-47DE-B3AD-95A94E33443D}.Release|x86.ActiveCfg = Release|Any CPU
		{E821A61A-D6E2-47DE-B3AD-95A94E33443D}.Release|x86.Build.0 = Release|Any CPU
		{366B3F3C-3AD3-4698-A2CD-6B0B4298174F}.Debug|Any CPU.ActiveCfg = Debug|Any CPU
		{366B3F3C-3AD3-4698-A2CD-6B0B4298174F}.Debug|Any CPU.Build.0 = Debug|Any CPU
		{366B3F3C-3AD3-4698-A2CD-6B0B4298174F}.Debug|ARM.ActiveCfg = Debug|Any CPU
		{366B3F3C-3AD3-4698-A2CD-6B0B4298174F}.Debug|ARM.Build.0 = Debug|Any CPU
		{366B3F3C-3AD3-4698-A2CD-6B0B4298174F}.Debug|iPhone.ActiveCfg = Debug|Any CPU
		{366B3F3C-3AD3-4698-A2CD-6B0B4298174F}.Debug|iPhone.Build.0 = Debug|Any CPU
		{366B3F3C-3AD3-4698-A2CD-6B0B4298174F}.Debug|iPhoneSimulator.ActiveCfg = Debug|Any CPU
		{366B3F3C-3AD3-4698-A2CD-6B0B4298174F}.Debug|iPhoneSimulator.Build.0 = Debug|Any CPU
		{366B3F3C-3AD3-4698-A2CD-6B0B4298174F}.Debug|x64.ActiveCfg = Debug|Any CPU
		{366B3F3C-3AD3-4698-A2CD-6B0B4298174F}.Debug|x64.Build.0 = Debug|Any CPU
		{366B3F3C-3AD3-4698-A2CD-6B0B4298174F}.Debug|x86.ActiveCfg = Debug|Any CPU
		{366B3F3C-3AD3-4698-A2CD-6B0B4298174F}.Debug|x86.Build.0 = Debug|Any CPU
		{366B3F3C-3AD3-4698-A2CD-6B0B4298174F}.Release|Any CPU.ActiveCfg = Release|Any CPU
		{366B3F3C-3AD3-4698-A2CD-6B0B4298174F}.Release|Any CPU.Build.0 = Release|Any CPU
		{366B3F3C-3AD3-4698-A2CD-6B0B4298174F}.Release|ARM.ActiveCfg = Release|Any CPU
		{366B3F3C-3AD3-4698-A2CD-6B0B4298174F}.Release|ARM.Build.0 = Release|Any CPU
		{366B3F3C-3AD3-4698-A2CD-6B0B4298174F}.Release|iPhone.ActiveCfg = Release|Any CPU
		{366B3F3C-3AD3-4698-A2CD-6B0B4298174F}.Release|iPhone.Build.0 = Release|Any CPU
		{366B3F3C-3AD3-4698-A2CD-6B0B4298174F}.Release|iPhoneSimulator.ActiveCfg = Release|Any CPU
		{366B3F3C-3AD3-4698-A2CD-6B0B4298174F}.Release|iPhoneSimulator.Build.0 = Release|Any CPU
		{366B3F3C-3AD3-4698-A2CD-6B0B4298174F}.Release|x64.ActiveCfg = Release|Any CPU
		{366B3F3C-3AD3-4698-A2CD-6B0B4298174F}.Release|x64.Build.0 = Release|Any CPU
		{366B3F3C-3AD3-4698-A2CD-6B0B4298174F}.Release|x86.ActiveCfg = Release|Any CPU
		{366B3F3C-3AD3-4698-A2CD-6B0B4298174F}.Release|x86.Build.0 = Release|Any CPU
	EndGlobalSection
	GlobalSection(SolutionProperties) = preSolution
		HideSolutionNode = FALSE
	EndGlobalSection
	GlobalSection(ExtensibilityGlobals) = postSolution
		SolutionGuid = {82D18AEC-EE54-4833-89F6-3326F9D1A90E}
	EndGlobalSection
EndGlobal
